// !$*UTF8*$!
{
	archiveVersion = 1;
	classes = {
	};
	objectVersion = 50;
	objects = {

/* Begin PBXBuildFile section */
		6DDB4AA3225F364000F9DC2B /* AppDelegate.swift in Sources */ = {isa = PBXBuildFile; fileRef = 6DDB4AA2225F364000F9DC2B /* AppDelegate.swift */; };
		6DDB4AA5225F364000F9DC2B /* ViewController.swift in Sources */ = {isa = PBXBuildFile; fileRef = 6DDB4AA4225F364000F9DC2B /* ViewController.swift */; };
		6DDB4AA8225F364000F9DC2B /* Main.storyboard in Resources */ = {isa = PBXBuildFile; fileRef = 6DDB4AA6225F364000F9DC2B /* Main.storyboard */; };
		6DDB4AAA225F364200F9DC2B /* Assets.xcassets in Resources */ = {isa = PBXBuildFile; fileRef = 6DDB4AA9225F364200F9DC2B /* Assets.xcassets */; };
		6DDB4AAD225F364200F9DC2B /* LaunchScreen.storyboard in Resources */ = {isa = PBXBuildFile; fileRef = 6DDB4AAB225F364200F9DC2B /* LaunchScreen.storyboard */; };
		6DDB4AB62260409C00F9DC2B /* BaseView.swift in Sources */ = {isa = PBXBuildFile; fileRef = 6DDB4AB52260409C00F9DC2B /* BaseView.swift */; };
		6DDB4ABA226041E700F9DC2B /* DetailsFoodView.swift in Sources */ = {isa = PBXBuildFile; fileRef = 6DDB4AB9226041E700F9DC2B /* DetailsFoodView.swift */; };
		6DDB4ABC226046FA00F9DC2B /* DetailsFoodViewController.swift in Sources */ = {isa = PBXBuildFile; fileRef = 6DDB4ABB226046FA00F9DC2B /* DetailsFoodViewController.swift */; };
		6DDB4ABF2260483900F9DC2B /* RestaurantTableTableViewController.swift in Sources */ = {isa = PBXBuildFile; fileRef = 6DDB4ABE2260483900F9DC2B /* RestaurantTableTableViewController.swift */; };
		6DDB4AC22260487A00F9DC2B /* RestaurantTableViewCell.swift in Sources */ = {isa = PBXBuildFile; fileRef = 6DDB4AC12260487A00F9DC2B /* RestaurantTableViewCell.swift */; };
		6DDB4AC622604D4E00F9DC2B /* LocationView.swift in Sources */ = {isa = PBXBuildFile; fileRef = 6DDB4AC522604D4E00F9DC2B /* LocationView.swift */; };
		6DDB4AC822604E7B00F9DC2B /* LocationViewController.swift in Sources */ = {isa = PBXBuildFile; fileRef = 6DDB4AC722604E7B00F9DC2B /* LocationViewController.swift */; };
		6DDB4ACB2260528000F9DC2B /* LocationServices.swift in Sources */ = {isa = PBXBuildFile; fileRef = 6DDB4ACA2260528000F9DC2B /* LocationServices.swift */; };
/* End PBXBuildFile section */

/* Begin PBXFileReference section */
		6DDB4A9F225F364000F9DC2B /* RestaurantApp.app */ = {isa = PBXFileReference; explicitFileType = wrapper.application; includeInIndex = 0; path = RestaurantApp.app; sourceTree = BUILT_PRODUCTS_DIR; };
		6DDB4AA2225F364000F9DC2B /* AppDelegate.swift */ = {isa = PBXFileReference; lastKnownFileType = sourcecode.swift; path = AppDelegate.swift; sourceTree = "<group>"; };
		6DDB4AA4225F364000F9DC2B /* ViewController.swift */ = {isa = PBXFileReference; lastKnownFileType = sourcecode.swift; path = ViewController.swift; sourceTree = "<group>"; };
		6DDB4AA7225F364000F9DC2B /* Base */ = {isa = PBXFileReference; lastKnownFileType = file.storyboard; name = Base; path = Base.lproj/Main.storyboard; sourceTree = "<group>"; };
		6DDB4AA9225F364200F9DC2B /* Assets.xcassets */ = {isa = PBXFileReference; lastKnownFileType = folder.assetcatalog; path = Assets.xcassets; sourceTree = "<group>"; };
		6DDB4AAC225F364200F9DC2B /* Base */ = {isa = PBXFileReference; lastKnownFileType = file.storyboard; name = Base; path = Base.lproj/LaunchScreen.storyboard; sourceTree = "<group>"; };
		6DDB4AAE225F364200F9DC2B /* Info.plist */ = {isa = PBXFileReference; lastKnownFileType = text.plist.xml; path = Info.plist; sourceTree = "<group>"; };
		6DDB4AB52260409C00F9DC2B /* BaseView.swift */ = {isa = PBXFileReference; lastKnownFileType = sourcecode.swift; path = BaseView.swift; sourceTree = "<group>"; };
		6DDB4AB9226041E700F9DC2B /* DetailsFoodView.swift */ = {isa = PBXFileReference; lastKnownFileType = sourcecode.swift; path = DetailsFoodView.swift; sourceTree = "<group>"; };
		6DDB4ABB226046FA00F9DC2B /* DetailsFoodViewController.swift */ = {isa = PBXFileReference; lastKnownFileType = sourcecode.swift; path = DetailsFoodViewController.swift; sourceTree = "<group>"; };
		6DDB4ABE2260483900F9DC2B /* RestaurantTableTableViewController.swift */ = {isa = PBXFileReference; lastKnownFileType = sourcecode.swift; path = RestaurantTableTableViewController.swift; sourceTree = "<group>"; };
		6DDB4AC12260487A00F9DC2B /* RestaurantTableViewCell.swift */ = {isa = PBXFileReference; lastKnownFileType = sourcecode.swift; path = RestaurantTableViewCell.swift; sourceTree = "<group>"; };
		6DDB4AC522604D4E00F9DC2B /* LocationView.swift */ = {isa = PBXFileReference; lastKnownFileType = sourcecode.swift; path = LocationView.swift; sourceTree = "<group>"; };
		6DDB4AC722604E7B00F9DC2B /* LocationViewController.swift */ = {isa = PBXFileReference; lastKnownFileType = sourcecode.swift; path = LocationViewController.swift; sourceTree = "<group>"; };
		6DDB4ACA2260528000F9DC2B /* LocationServices.swift */ = {isa = PBXFileReference; lastKnownFileType = sourcecode.swift; path = LocationServices.swift; sourceTree = "<group>"; };
/* End PBXFileReference section */

/* Begin PBXFrameworksBuildPhase section */
		6DDB4A9C225F364000F9DC2B /* Frameworks */ = {
			isa = PBXFrameworksBuildPhase;
			buildActionMask = 2147483647;
			files = (
			);
			runOnlyForDeploymentPostprocessing = 0;
		};
/* End PBXFrameworksBuildPhase section */

/* Begin PBXGroup section */
		6DDB4A96225F364000F9DC2B = {
			isa = PBXGroup;
			children = (
				6DDB4AA1225F364000F9DC2B /* RestaurantApp */,
				6DDB4AA0225F364000F9DC2B /* Products */,
			);
			sourceTree = "<group>";
		};
		6DDB4AA0225F364000F9DC2B /* Products */ = {
			isa = PBXGroup;
			children = (
				6DDB4A9F225F364000F9DC2B /* RestaurantApp.app */,
			);
			name = Products;
			sourceTree = "<group>";
		};
		6DDB4AA1225F364000F9DC2B /* RestaurantApp */ = {
			isa = PBXGroup;
			children = (
				6DDB4AC92260526D00F9DC2B /* Services */,
				6DDB4AB42260407800F9DC2B /* Screen */,
				6DDB4AA2225F364000F9DC2B /* AppDelegate.swift */,
				6DDB4AA4225F364000F9DC2B /* ViewController.swift */,
				6DDB4AA6225F364000F9DC2B /* Main.storyboard */,
				6DDB4AA9225F364200F9DC2B /* Assets.xcassets */,
				6DDB4AAB225F364200F9DC2B /* LaunchScreen.storyboard */,
				6DDB4AAE225F364200F9DC2B /* Info.plist */,
			);
			path = RestaurantApp;
			sourceTree = "<group>";
		};
		6DDB4AB42260407800F9DC2B /* Screen */ = {
			isa = PBXGroup;
			children = (
				6DDB4AC322604CF400F9DC2B /* Location */,
				6DDB4ABD2260480700F9DC2B /* List */,
				6DDB4AB7226041B600F9DC2B /* Details */,
				6DDB4AB52260409C00F9DC2B /* BaseView.swift */,
			);
			path = Screen;
			sourceTree = "<group>";
		};
		6DDB4AB7226041B600F9DC2B /* Details */ = {
			isa = PBXGroup;
			children = (
				6DDB4ABB226046FA00F9DC2B /* DetailsFoodViewController.swift */,
				6DDB4AB8226041C500F9DC2B /* Views */,
			);
			path = Details;
			sourceTree = "<group>";
		};
		6DDB4AB8226041C500F9DC2B /* Views */ = {
			isa = PBXGroup;
			children = (
				6DDB4AB9226041E700F9DC2B /* DetailsFoodView.swift */,
			);
			path = Views;
			sourceTree = "<group>";
		};
		6DDB4ABD2260480700F9DC2B /* List */ = {
			isa = PBXGroup;
			children = (
				6DDB4AC02260484E00F9DC2B /* Views */,
				6DDB4ABE2260483900F9DC2B /* RestaurantTableTableViewController.swift */,
			);
			path = List;
			sourceTree = "<group>";
		};
		6DDB4AC02260484E00F9DC2B /* Views */ = {
			isa = PBXGroup;
			children = (
				6DDB4AC12260487A00F9DC2B /* RestaurantTableViewCell.swift */,
			);
			path = Views;
			sourceTree = "<group>";
		};
		6DDB4AC322604CF400F9DC2B /* Location */ = {
			isa = PBXGroup;
			children = (
				6DDB4AC422604D0400F9DC2B /* Views */,
				6DDB4AC722604E7B00F9DC2B /* LocationViewController.swift */,
			);
			path = Location;
			sourceTree = "<group>";
		};
		6DDB4AC422604D0400F9DC2B /* Views */ = {
			isa = PBXGroup;
			children = (
				6DDB4AC522604D4E00F9DC2B /* LocationView.swift */,
			);
			path = Views;
			sourceTree = "<group>";
		};
		6DDB4AC92260526D00F9DC2B /* Services */ = {
			isa = PBXGroup;
			children = (
				6DDB4ACA2260528000F9DC2B /* LocationServices.swift */,
			);
			path = Services;
			sourceTree = "<group>";
		};
/* End PBXGroup section */

/* Begin PBXNativeTarget section */
		6DDB4A9E225F364000F9DC2B /* RestaurantApp */ = {
			isa = PBXNativeTarget;
			buildConfigurationList = 6DDB4AB1225F364200F9DC2B /* Build configuration list for PBXNativeTarget "RestaurantApp" */;
			buildPhases = (
				6DDB4A9B225F364000F9DC2B /* Sources */,
				6DDB4A9C225F364000F9DC2B /* Frameworks */,
				6DDB4A9D225F364000F9DC2B /* Resources */,
			);
			buildRules = (
			);
			dependencies = (
			);
			name = RestaurantApp;
			productName = RestaurantApp;
			productReference = 6DDB4A9F225F364000F9DC2B /* RestaurantApp.app */;
			productType = "com.apple.product-type.application";
		};
/* End PBXNativeTarget section */

/* Begin PBXProject section */
		6DDB4A97225F364000F9DC2B /* Project object */ = {
			isa = PBXProject;
			attributes = {
				LastSwiftUpdateCheck = 1010;
				LastUpgradeCheck = 1010;
				ORGANIZATIONNAME = aceplussolutions;
				TargetAttributes = {
					6DDB4A9E225F364000F9DC2B = {
						CreatedOnToolsVersion = 10.1;
					};
				};
			};
			buildConfigurationList = 6DDB4A9A225F364000F9DC2B /* Build configuration list for PBXProject "RestaurantApp" */;
			compatibilityVersion = "Xcode 9.3";
			developmentRegion = en;
			hasScannedForEncodings = 0;
			knownRegions = (
				en,
				Base,
			);
			mainGroup = 6DDB4A96225F364000F9DC2B;
			productRefGroup = 6DDB4AA0225F364000F9DC2B /* Products */;
			projectDirPath = "";
			projectRoot = "";
			targets = (
				6DDB4A9E225F364000F9DC2B /* RestaurantApp */,
			);
		};
/* End PBXProject section */

/* Begin PBXResourcesBuildPhase section */
		6DDB4A9D225F364000F9DC2B /* Resources */ = {
			isa = PBXResourcesBuildPhase;
			buildActionMask = 2147483647;
			files = (
				6DDB4AAD225F364200F9DC2B /* LaunchScreen.storyboard in Resources */,
				6DDB4AAA225F364200F9DC2B /* Assets.xcassets in Resources */,
				6DDB4AA8225F364000F9DC2B /* Main.storyboard in Resources */,
			);
			runOnlyForDeploymentPostprocessing = 0;
		};
/* End PBXResourcesBuildPhase section */

/* Begin PBXSourcesBuildPhase section */
		6DDB4A9B225F364000F9DC2B /* Sources */ = {
			isa = PBXSourcesBuildPhase;
			buildActionMask = 2147483647;
			files = (
				6DDB4AB62260409C00F9DC2B /* BaseView.swift in Sources */,
				6DDB4AC622604D4E00F9DC2B /* LocationView.swift in Sources */,
				6DDB4ABA226041E700F9DC2B /* DetailsFoodView.swift in Sources */,
				6DDB4ABC226046FA00F9DC2B /* DetailsFoodViewController.swift in Sources */,
				6DDB4ABF2260483900F9DC2B /* RestaurantTableTableViewController.swift in Sources */,
				6DDB4AA5225F364000F9DC2B /* ViewController.swift in Sources */,
				6DDB4AC822604E7B00F9DC2B /* LocationViewController.swift in Sources */,
				6DDB4AC22260487A00F9DC2B /* RestaurantTableViewCell.swift in Sources */,
				6DDB4ACB2260528000F9DC2B /* LocationServices.swift in Sources */,
				6DDB4AA3225F364000F9DC2B /* AppDelegate.swift in Sources */,
			);
			runOnlyForDeploymentPostprocessing = 0;
		};
/* End PBXSourcesBuildPhase section */

/* Begin PBXVariantGroup section */
		6DDB4AA6225F364000F9DC2B /* Main.storyboard */ = {
			isa = PBXVariantGroup;
			children = (
				6DDB4AA7225F364000F9DC2B /* Base */,
			);
			name = Main.storyboard;
			sourceTree = "<group>";
		};
		6DDB4AAB225F364200F9DC2B /* LaunchScreen.storyboard */ = {
			isa = PBXVariantGroup;
			children = (
				6DDB4AAC225F364200F9DC2B /* Base */,
			);
			name = LaunchScreen.storyboard;
			sourceTree = "<group>";
		};
/* End PBXVariantGroup section */

/* Begin XCBuildConfiguration section */
		6DDB4AAF225F364200F9DC2B /* Debug */ = {
			isa = XCBuildConfiguration;
			buildSettings = {
				ALWAYS_SEARCH_USER_PATHS = NO;
				CLANG_ANALYZER_NONNULL = YES;
				CLANG_ANALYZER_NUMBER_OBJECT_CONVERSION = YES_AGGRESSIVE;
				CLANG_CXX_LANGUAGE_STANDARD = "gnu++14";
				CLANG_CXX_LIBRARY = "libc++";
				CLANG_ENABLE_MODULES = YES;
				CLANG_ENABLE_OBJC_ARC = YES;
				CLANG_ENABLE_OBJC_WEAK = YES;
				CLANG_WARN_BLOCK_CAPTURE_AUTORELEASING = YES;
				CLANG_WARN_BOOL_CONVERSION = YES;
				CLANG_WARN_COMMA = YES;
				CLANG_WARN_CONSTANT_CONVERSION = YES;
				CLANG_WARN_DEPRECATED_OBJC_IMPLEMENTATIONS = YES;
				CLANG_WARN_DIRECT_OBJC_ISA_USAGE = YES_ERROR;
				CLANG_WARN_DOCUMENTATION_COMMENTS = YES;
				CLANG_WARN_EMPTY_BODY = YES;
				CLANG_WARN_ENUM_CONVERSION = YES;
				CLANG_WARN_INFINITE_RECURSION = YES;
				CLANG_WARN_INT_CONVERSION = YES;
				CLANG_WARN_NON_LITERAL_NULL_CONVERSION = YES;
				CLANG_WARN_OBJC_IMPLICIT_RETAIN_SELF = YES;
				CLANG_WARN_OBJC_LITERAL_CONVERSION = YES;
				CLANG_WARN_OBJC_ROOT_CLASS = YES_ERROR;
				CLANG_WARN_RANGE_LOOP_ANALYSIS = YES;
				CLANG_WARN_STRICT_PROTOTYPES = YES;
				CLANG_WARN_SUSPICIOUS_MOVE = YES;
				CLANG_WARN_UNGUARDED_AVAILABILITY = YES_AGGRESSIVE;
				CLANG_WARN_UNREACHABLE_CODE = YES;
				CLANG_WARN__DUPLICATE_METHOD_MATCH = YES;
				CODE_SIGN_IDENTITY = "iPhone Developer";
				COPY_PHASE_STRIP = NO;
				DEBUG_INFORMATION_FORMAT = dwarf;
				ENABLE_STRICT_OBJC_MSGSEND = YES;
				ENABLE_TESTABILITY = YES;
				GCC_C_LANGUAGE_STANDARD = gnu11;
				GCC_DYNAMIC_NO_PIC = NO;
				GCC_NO_COMMON_BLOCKS = YES;
				GCC_OPTIMIZATION_LEVEL = 0;
				GCC_PREPROCESSOR_DEFINITIONS = (
					"DEBUG=1",
					"$(inherited)",
				);
				GCC_WARN_64_TO_32_BIT_CONVERSION = YES;
				GCC_WARN_ABOUT_RETURN_TYPE = YES_ERROR;
				GCC_WARN_UNDECLARED_SELECTOR = YES;
				GCC_WARN_UNINITIALIZED_AUTOS = YES_AGGRESSIVE;
				GCC_WARN_UNUSED_FUNCTION = YES;
				GCC_WARN_UNUSED_VARIABLE = YES;
				IPHONEOS_DEPLOYMENT_TARGET = 12.1;
				MTL_ENABLE_DEBUG_INFO = INCLUDE_SOURCE;
				MTL_FAST_MATH = YES;
				ONLY_ACTIVE_ARCH = YES;
				SDKROOT = iphoneos;
				SWIFT_ACTIVE_COMPILATION_CONDITIONS = DEBUG;
				SWIFT_OPTIMIZATION_LEVEL = "-Onone";
			};
			name = Debug;
		};
		6DDB4AB0225F364200F9DC2B /* Release */ = {
			isa = XCBuildConfiguration;
			buildSettings = {
				ALWAYS_SEARCH_USER_PATHS = NO;
				CLANG_ANALYZER_NONNULL = YES;
				CLANG_ANALYZER_NUMBER_OBJECT_CONVERSION = YES_AGGRESSIVE;
				CLANG_CXX_LANGUAGE_STANDARD = "gnu++14";
				CLANG_CXX_LIBRARY = "libc++";
				CLANG_ENABLE_MODULES = YES;
				CLANG_ENABLE_OBJC_ARC = YES;
				CLANG_ENABLE_OBJC_WEAK = YES;
				CLANG_WARN_BLOCK_CAPTURE_AUTORELEASING = YES;
				CLANG_WARN_BOOL_CONVERSION = YES;
				CLANG_WARN_COMMA = YES;
				CLANG_WARN_CONSTANT_CONVERSION = YES;
				CLANG_WARN_DEPRECATED_OBJC_IMPLEMENTATIONS = YES;
				CLANG_WARN_DIRECT_OBJC_ISA_USAGE = YES_ERROR;
				CLANG_WARN_DOCUMENTATION_COMMENTS = YES;
				CLANG_WARN_EMPTY_BODY = YES;
				CLANG_WARN_ENUM_CONVERSION = YES;
				CLANG_WARN_INFINITE_RECURSION = YES;
				CLANG_WARN_INT_CONVERSION = YES;
				CLANG_WARN_NON_LITERAL_NULL_CONVERSION = YES;
				CLANG_WARN_OBJC_IMPLICIT_RETAIN_SELF = YES;
				CLANG_WARN_OBJC_LITERAL_CONVERSION = YES;
				CLANG_WARN_OBJC_ROOT_CLASS = YES_ERROR;
				CLANG_WARN_RANGE_LOOP_ANALYSIS = YES;
				CLANG_WARN_STRICT_PROTOTYPES = YES;
				CLANG_WARN_SUSPICIOUS_MOVE = YES;
				CLANG_WARN_UNGUARDED_AVAILABILITY = YES_AGGRESSIVE;
				CLANG_WARN_UNREACHABLE_CODE = YES;
				CLANG_WARN__DUPLICATE_METHOD_MATCH = YES;
				CODE_SIGN_IDENTITY = "iPhone Developer";
				COPY_PHASE_STRIP = NO;
				DEBUG_INFORMATION_FORMAT = "dwarf-with-dsym";
				ENABLE_NS_ASSERTIONS = NO;
				ENABLE_STRICT_OBJC_MSGSEND = YES;
				GCC_C_LANGUAGE_STANDARD = gnu11;
				GCC_NO_COMMON_BLOCKS = YES;
				GCC_WARN_64_TO_32_BIT_CONVERSION = YES;
				GCC_WARN_ABOUT_RETURN_TYPE = YES_ERROR;
				GCC_WARN_UNDECLARED_SELECTOR = YES;
				GCC_WARN_UNINITIALIZED_AUTOS = YES_AGGRESSIVE;
				GCC_WARN_UNUSED_FUNCTION = YES;
				GCC_WARN_UNUSED_VARIABLE = YES;
				IPHONEOS_DEPLOYMENT_TARGET = 12.1;
				MTL_ENABLE_DEBUG_INFO = NO;
				MTL_FAST_MATH = YES;
				SDKROOT = iphoneos;
				SWIFT_COMPILATION_MODE = wholemodule;
				SWIFT_OPTIMIZATION_LEVEL = "-O";
				VALIDATE_PRODUCT = YES;
			};
			name = Release;
		};
		6DDB4AB2225F364200F9DC2B /* Debug */ = {
			isa = XCBuildConfiguration;
			buildSettings = {
				ASSETCATALOG_COMPILER_APPICON_NAME = AppIcon;
				CODE_SIGN_STYLE = Automatic;
				DEVELOPMENT_TEAM = 74DHRH39RX;
				INFOPLIST_FILE = RestaurantApp/Info.plist;
				LD_RUNPATH_SEARCH_PATHS = (
					"$(inherited)",
					"@executable_path/Frameworks",
				);
				PRODUCT_BUNDLE_IDENTIFIER = com.aceplussolutions.RestaurantApp;
				PRODUCT_NAME = "$(TARGET_NAME)";
				SWIFT_VERSION = 4.2;
				TARGETED_DEVICE_FAMILY = "1,2";
			};
			name = Debug;
		};
		6DDB4AB3225F364200F9DC2B /* Release */ = {
			isa = XCBuildConfiguration;
			buildSettings = {
				ASSETCATALOG_COMPILER_APPICON_NAME = AppIcon;
				CODE_SIGN_STYLE = Automatic;
				DEVELOPMENT_TEAM = 74DHRH39RX;
				INFOPLIST_FILE = RestaurantApp/Info.plist;
				LD_RUNPATH_SEARCH_PATHS = (
					"$(inherited)",
					"@executable_path/Frameworks",
				);
				PRODUCT_BUNDLE_IDENTIFIER = com.aceplussolutions.RestaurantApp;
				PRODUCT_NAME = "$(TARGET_NAME)";
				SWIFT_VERSION = 4.2;
				TARGETED_DEVICE_FAMILY = "1,2";
			};
			name = Release;
		};
/* End XCBuildConfiguration section */

/* Begin XCConfigurationList section */
		6DDB4A9A225F364000F9DC2B /* Build configuration list for PBXProject "RestaurantApp" */ = {
			isa = XCConfigurationList;
			buildConfigurations = (
				6DDB4AAF225F364200F9DC2B /* Debug */,
				6DDB4AB0225F364200F9DC2B /* Release */,
			);
			defaultConfigurationIsVisible = 0;
			defaultConfigurationName = Release;
		};
		6DDB4AB1225F364200F9DC2B /* Build configuration list for PBXNativeTarget "RestaurantApp" */ = {
			isa = XCConfigurationList;
			buildConfigurations = (
				6DDB4AB2225F364200F9DC2B /* Debug */,
				6DDB4AB3225F364200F9DC2B /* Release */,
			);
			defaultConfigurationIsVisible = 0;
			defaultConfigurationName = Release;
		};
/* End XCConfigurationList section */
	};
	rootObject = 6DDB4A97225F364000F9DC2B /* Project object */;
}
